
Microsoft Visual Studio Solution File, Format Version 12.00
# Visual Studio Version 16
VisualStudioVersion = 16.0.30804.86
MinimumVisualStudioVersion = 10.0.40219.1
Project("{FAE04EC0-301F-11D3-BF4B-00C04F79EFBC}") = "Demo2", "Demo2\Demo2.csproj", "{07CACE26-247D-46AA-B52C-C624BCF0EB96}"
EndProject
Global
	GlobalSection(SolutionConfigurationPlatforms) = preSolution
		Debug|Any CPU = Debug|Any CPU
		Release|Any CPU = Release|Any CPU
	EndGlobalSection
	GlobalSection(ProjectConfigurationPlatforms) = postSolution
		{07CACE26-247D-46AA-B52C-C624BCF0EB96}.Debug|Any CPU.ActiveCfg = Debug|Any CPU
		{07CACE26-247D-46AA-B52C-C624BCF0EB96}.Debug|Any CPU.Build.0 = Debug|Any CPU
		{07CACE26-247D-46AA-B52C-C624BCF0EB96}.Release|Any CPU.ActiveCfg = Release|Any CPU
		{07CACE26-247D-46AA-B52C-C624BCF0EB96}.Release|Any CPU.Build.0 = Release|Any CPU
	EndGlobalSection
	GlobalSection(SolutionProperties) = preSolution
		HideSolutionNode = FALSE
	EndGlobalSection
	GlobalSection(ExtensibilityGlobals) = postSolution
		SolutionGuid = {495F0651-CE4D-42E4-82D2-760B4FB80AEA}
	EndGlobalSection
EndGlobal
